Microsoft Visual Studio Solution File, Format Version 12.00
# Visual Studio Version 18
VisualStudioVersion = 18.6.11822.322 stable
MinimumVisualStudioVersion = 10.0.40219.1
Project("{8BC9CEB8-8B4A-11D0-8D11-00A0C91BC942}") = "EdrMonitorDll", "EdrMonitorDll\EdrMonitorDll.vcxproj", "{E9B68279-B78B-495A-BE62-4EE71A2AA38F}"
EndProject
Project("{8BC9CEB8-8B4A-11D0-8D11-00A0C91BC942}") = "ControllerEXE", "..\EdrController\EdrController.vcxproj", "{9DF4F6DA-8427-4D40-AC30-A27AE30D7D7C}"
EndProject
Project("{8BC9CEB8-8B4A-11D0-8D11-00A0C91BC942}") = "InjectionDemo", "..\InjectionDemo\InjectionDemo.vcxproj", "{42834AA6-35E6-45EC-A8B0-2E70EC03245A}"
EndProject
Global
	GlobalSection(SolutionConfigurationPlatforms) = preSolution
		Debug|x64 = Debug|x64
		Debug|x86 = Debug|x86
		Release|x64 = Release|x64
		Release|x86 = Release|x86
	EndGlobalSection
	GlobalSection(ProjectConfigurationPlatforms) = postSolution
		{E9B68279-B78B-495A-BE62-4EE71A2AA38F}.Debug|x64.ActiveCfg = Debug|x64
		{E9B68279-B78B-495A-BE62-4EE71A2AA38F}.Debug|x64.Build.0 = Debug|x64
		{E9B68279-B78B-495A-BE62-4EE71A2AA38F}.Debug|x86.ActiveCfg = Debug|Win32
		{E9B68279-B78B-495A-BE62-4EE71A2AA38F}.Debug|x86.Build.0 = Debug|Win32
		{E9B68279-B78B-495A-BE62-4EE71A2AA38F}.Release|x64.ActiveCfg = Release|x64
		{E9B68279-B78B-495A-BE62-4EE71A2AA38F}.Release|x64.Build.0 = Release|x64
		{E9B68279-B78B-495A-BE62-4EE71A2AA38F}.Release|x86.ActiveCfg = Release|Win32
		{E9B68279-B78B-495A-BE62-4EE71A2AA38F}.Release|x86.Build.0 = Release|Win32
		{9DF4F6DA-8427-4D40-AC30-A27AE30D7D7C}.Debug|x64.ActiveCfg = Debug|x64
		{9DF4F6DA-8427-4D40-AC30-A27AE30D7D7C}.Debug|x64.Build.0 = Debug|x64
		{9DF4F6DA-8427-4D40-AC30-A27AE30D7D7C}.Debug|x86.ActiveCfg = Debug|Win32
		{9DF4F6DA-8427-4D40-AC30-A27AE30D7D7C}.Debug|x86.Build.0 = Debug|Win32
		{9DF4F6DA-8427-4D40-AC30-A27AE30D7D7C}.Release|x64.ActiveCfg = Release|x64
		{9DF4F6DA-8427-4D40-AC30-A27AE30D7D7C}.Release|x64.Build.0 = Release|x64
		{9DF4F6DA-8427-4D40-AC30-A27AE30D7D7C}.Release|x86.ActiveCfg = Release|Win32
		{9DF4F6DA-8427-4D40-AC30-A27AE30D7D7C}.Release|x86.Build.0 = Release|Win32
		{42834AA6-35E6-45EC-A8B0-2E70EC03245A}.Debug|x64.ActiveCfg = Debug|x64
		{42834AA6-35E6-45EC-A8B0-2E70EC03245A}.Debug|x64.Build.0 = Debug|x64
		{42834AA6-35E6-45EC-A8B0-2E70EC03245A}.Debug|x86.ActiveCfg = Debug|Win32
		{42834AA6-35E6-45EC-A8B0-2E70EC03245A}.Debug|x86.Build.0 = Debug|Win32
		{42834AA6-35E6-45EC-A8B0-2E70EC03245A}.Release|x64.ActiveCfg = Release|x64
		{42834AA6-35E6-45EC-A8B0-2E70EC03245A}.Release|x64.Build.0 = Release|x64
		{42834AA6-35E6-45EC-A8B0-2E70EC03245A}.Release|x86.ActiveCfg = Release|Win32
		{42834AA6-35E6-45EC-A8B0-2E70EC03245A}.Release|x86.Build.0 = Release|Win32
	EndGlobalSection
	GlobalSection(SolutionProperties) = preSolution
		HideSolutionNode = FALSE
	EndGlobalSection
	GlobalSection(ExtensibilityGlobals) = postSolution
		SolutionGuid = {B56DED9D-FB74-4519-9015-0C4C778A5F7D}
	EndGlobalSection
EndGlobal
